// !$*UTF8*$!
{
	archiveVersion = 1;
	classes = {
	};
	objectVersion = 50;
	objects = {

/* Begin PBXBuildFile section */
		863562292095285A0004A8B9 /* AppDelegate.swift in Sources */ = {isa = PBXBuildFile; fileRef = 863562282095285A0004A8B9 /* AppDelegate.swift */; };
		8635622B2095285A0004A8B9 /* ViewController.swift in Sources */ = {isa = PBXBuildFile; fileRef = 8635622A2095285A0004A8B9 /* ViewController.swift */; };
		8635622E2095285A0004A8B9 /* Main.storyboard in Resources */ = {isa = PBXBuildFile; fileRef = 8635622C2095285A0004A8B9 /* Main.storyboard */; };
		863562302095285D0004A8B9 /* Assets.xcassets in Resources */ = {isa = PBXBuildFile; fileRef = 8635622F2095285D0004A8B9 /* Assets.xcassets */; };
		863562332095285D0004A8B9 /* LaunchScreen.storyboard in Resources */ = {isa = PBXBuildFile; fileRef = 863562312095285D0004A8B9 /* LaunchScreen.storyboard */; };
		8635623E2095285E0004A8B9 /* CapitalQuizzTests.swift in Sources */ = {isa = PBXBuildFile; fileRef = 8635623D2095285E0004A8B9 /* CapitalQuizzTests.swift */; };
		863562492095285E0004A8B9 /* CapitalQuizzUITests.swift in Sources */ = {isa = PBXBuildFile; fileRef = 863562482095285E0004A8B9 /* CapitalQuizzUITests.swift */; };
		8635625C20952A7B0004A8B9 /* Default-568h@2x.png in Resources */ = {isa = PBXBuildFile; fileRef = 8635625B20952A7B0004A8B9 /* Default-568h@2x.png */; };
		8635625D20952B180004A8B9 /* Balham.otf in Resources */ = {isa = PBXBuildFile; fileRef = 86356256209528F10004A8B9 /* Balham.otf */; };
		8635626120952B8F0004A8B9 /* QuestionView.swift in Sources */ = {isa = PBXBuildFile; fileRef = 8635626020952B8F0004A8B9 /* QuestionView.swift */; };
		863562632095324B0004A8B9 /* Question.swift in Sources */ = {isa = PBXBuildFile; fileRef = 863562622095324B0004A8B9 /* Question.swift */; };
		863562652095332A0004A8B9 /* Game.swift in Sources */ = {isa = PBXBuildFile; fileRef = 863562642095332A0004A8B9 /* Game.swift */; };
		8635626720953E0C0004A8B9 /* QuestionsManager.swift in Sources */ = {isa = PBXBuildFile; fileRef = 8635626620953E0C0004A8B9 /* QuestionsManager.swift */; };
		8635626E209542280004A8B9 /* HttpInterface.swift in Sources */ = {isa = PBXBuildFile; fileRef = 8635626C209542280004A8B9 /* HttpInterface.swift */; };
		8635626F209542280004A8B9 /* HttpInterfaceWrapper.swift in Sources */ = {isa = PBXBuildFile; fileRef = 8635626D209542280004A8B9 /* HttpInterfaceWrapper.swift */; };
		86356271209542AC0004A8B9 /* InterfaceResquest.swift in Sources */ = {isa = PBXBuildFile; fileRef = 86356270209542AC0004A8B9 /* InterfaceResquest.swift */; };
		8637A9D12096739500C59FD5 /* SVGKit.framework in Frameworks */ = {isa = PBXBuildFile; fileRef = 8637A9D02096739500C59FD5 /* SVGKit.framework */; };
		BBCD2A277F0BF464D770FACE /* Pods_CapitalQuizz.framework in Frameworks */ = {isa = PBXBuildFile; fileRef = BF8E920BB30CE394C35D3459 /* Pods_CapitalQuizz.framework */; };
/* End PBXBuildFile section */

/* Begin PBXContainerItemProxy section */
		8635623A2095285E0004A8B9 /* PBXContainerItemProxy */ = {
			isa = PBXContainerItemProxy;
			containerPortal = 8635621D2095285A0004A8B9 /* Project object */;
			proxyType = 1;
			remoteGlobalIDString = 863562242095285A0004A8B9;
			remoteInfo = CapitalQuizz;
		};
		863562452095285E0004A8B9 /* PBXContainerItemProxy */ = {
			isa = PBXContainerItemProxy;
			containerPortal = 8635621D2095285A0004A8B9 /* Project object */;
			proxyType = 1;
			remoteGlobalIDString = 863562242095285A0004A8B9;
			remoteInfo = CapitalQuizz;
		};
/* End PBXContainerItemProxy section */

/* Begin PBXFileReference section */
		42EF1ED157D7D4B80D371132 /* Pods-CapitalQuizz.debug.xcconfig */ = {isa = PBXFileReference; includeInIndex = 1; lastKnownFileType = text.xcconfig; name = "Pods-CapitalQuizz.debug.xcconfig"; path = "Pods/Target Support Files/Pods-CapitalQuizz/Pods-CapitalQuizz.debug.xcconfig"; sourceTree = "<group>"; };
		863562252095285A0004A8B9 /* CapitalQuizz.app */ = {isa = PBXFileReference; explicitFileType = wrapper.application; includeInIndex = 0; path = CapitalQuizz.app; sourceTree = BUILT_PRODUCTS_DIR; };
		863562282095285A0004A8B9 /* AppDelegate.swift */ = {isa = PBXFileReference; lastKnownFileType = sourcecode.swift; path = AppDelegate.swift; sourceTree = "<group>"; };
		8635622A2095285A0004A8B9 /* ViewController.swift */ = {isa = PBXFileReference; lastKnownFileType = sourcecode.swift; path = ViewController.swift; sourceTree = "<group>"; };
		8635622D2095285A0004A8B9 /* Base */ = {isa = PBXFileReference; lastKnownFileType = file.storyboard; name = Base; path = Base.lproj/Main.storyboard; sourceTree = "<group>"; };
		8635622F2095285D0004A8B9 /* Assets.xcassets */ = {isa = PBXFileReference; lastKnownFileType = folder.assetcatalog; path = Assets.xcassets; sourceTree = "<group>"; };
		863562322095285D0004A8B9 /* Base */ = {isa = PBXFileReference; lastKnownFileType = file.storyboard; name = Base; path = Base.lproj/LaunchScreen.storyboard; sourceTree = "<group>"; };
		863562342095285D0004A8B9 /* Info.plist */ = {isa = PBXFileReference; lastKnownFileType = text.plist.xml; path = Info.plist; sourceTree = "<group>"; };
		863562392095285E0004A8B9 /* CapitalQuizzTests.xctest */ = {isa = PBXFileReference; explicitFileType = wrapper.cfbundle; includeInIndex = 0; path = CapitalQuizzTests.xctest; sourceTree = BUILT_PRODUCTS_DIR; };
		8635623D2095285E0004A8B9 /* CapitalQuizzTests.swift */ = {isa = PBXFileReference; lastKnownFileType = sourcecode.swift; path = CapitalQuizzTests.swift; sourceTree = "<group>"; };
		8635623F2095285E0004A8B9 /* Info.plist */ = {isa = PBXFileReference; lastKnownFileType = text.plist.xml; path = Info.plist; sourceTree = "<group>"; };
		863562442095285E0004A8B9 /* CapitalQuizzUITests.xctest */ = {isa = PBXFileReference; explicitFileType = wrapper.cfbundle; includeInIndex = 0; path = CapitalQuizzUITests.xctest; sourceTree = BUILT_PRODUCTS_DIR; };
		863562482095285E0004A8B9 /* CapitalQuizzUITests.swift */ = {isa = PBXFileReference; lastKnownFileType = sourcecode.swift; path = CapitalQuizzUITests.swift; sourceTree = "<group>"; };
		8635624A2095285E0004A8B9 /* Info.plist */ = {isa = PBXFileReference; lastKnownFileType = text.plist.xml; path = Info.plist; sourceTree = "<group>"; };
		86356256209528F10004A8B9 /* Balham.otf */ = {isa = PBXFileReference; lastKnownFileType = file; path = Balham.otf; sourceTree = "<group>"; };
		8635625B20952A7B0004A8B9 /* Default-568h@2x.png */ = {isa = PBXFileReference; lastKnownFileType = image.png; path = "Default-568h@2x.png"; sourceTree = "<group>"; };
		8635626020952B8F0004A8B9 /* QuestionView.swift */ = {isa = PBXFileReference; lastKnownFileType = sourcecode.swift; path = QuestionView.swift; sourceTree = "<group>"; };
		863562622095324B0004A8B9 /* Question.swift */ = {isa = PBXFileReference; lastKnownFileType = sourcecode.swift; path = Question.swift; sourceTree = "<group>"; };
		863562642095332A0004A8B9 /* Game.swift */ = {isa = PBXFileReference; lastKnownFileType = sourcecode.swift; path = Game.swift; sourceTree = "<group>"; };
		8635626620953E0C0004A8B9 /* QuestionsManager.swift */ = {isa = PBXFileReference; lastKnownFileType = sourcecode.swift; path = QuestionsManager.swift; sourceTree = "<group>"; };
		8635626C209542280004A8B9 /* HttpInterface.swift */ = {isa = PBXFileReference; fileEncoding = 4; lastKnownFileType = sourcecode.swift; path = HttpInterface.swift; sourceTree = "<group>"; };
		8635626D209542280004A8B9 /* HttpInterfaceWrapper.swift */ = {isa = PBXFileReference; fileEncoding = 4; lastKnownFileType = sourcecode.swift; path = HttpInterfaceWrapper.swift; sourceTree = "<group>"; };
		86356270209542AC0004A8B9 /* InterfaceResquest.swift */ = {isa = PBXFileReference; lastKnownFileType = sourcecode.swift; path = InterfaceResquest.swift; sourceTree = "<group>"; };
		8637A9D02096739500C59FD5 /* SVGKit.framework */ = {isa = PBXFileReference; explicitFileType = wrapper.framework; path = SVGKit.framework; sourceTree = BUILT_PRODUCTS_DIR; };
		BD990D13217F73BB5A7E17CD /* Pods-CapitalQuizz.release.xcconfig */ = {isa = PBXFileReference; includeInIndex = 1; lastKnownFileType = text.xcconfig; name = "Pods-CapitalQuizz.release.xcconfig"; path = "Pods/Target Support Files/Pods-CapitalQuizz/Pods-CapitalQuizz.release.xcconfig"; sourceTree = "<group>"; };
		BF8E920BB30CE394C35D3459 /* Pods_CapitalQuizz.framework */ = {isa = PBXFileReference; explicitFileType = wrapper.framework; includeInIndex = 0; path = Pods_CapitalQuizz.framework; sourceTree = BUILT_PRODUCTS_DIR; };
/* End PBXFileReference section */

/* Begin PBXFrameworksBuildPhase section */
		863562222095285A0004A8B9 /* Frameworks */ = {
			isa = PBXFrameworksBuildPhase;
			buildActionMask = 2147483647;
			files = (
				8637A9D12096739500C59FD5 /* SVGKit.framework in Frameworks */,
				BBCD2A277F0BF464D770FACE /* Pods_CapitalQuizz.framework in Frameworks */,
			);
			runOnlyForDeploymentPostprocessing = 0;
		};
		863562362095285E0004A8B9 /* Frameworks */ = {
			isa = PBXFrameworksBuildPhase;
			buildActionMask = 2147483647;
			files = (
			);
			runOnlyForDeploymentPostprocessing = 0;
		};
		863562412095285E0004A8B9 /* Frameworks */ = {
			isa = PBXFrameworksBuildPhase;
			buildActionMask = 2147483647;
			files = (
			);
			runOnlyForDeploymentPostprocessing = 0;
		};
/* End PBXFrameworksBuildPhase section */

/* Begin PBXGroup section */
		8635621C2095285A0004A8B9 = {
			isa = PBXGroup;
			children = (
				8635625B20952A7B0004A8B9 /* Default-568h@2x.png */,
				863562272095285A0004A8B9 /* CapitalQuizz */,
				8635623C2095285E0004A8B9 /* CapitalQuizzTests */,
				863562472095285E0004A8B9 /* CapitalQuizzUITests */,
				863562262095285A0004A8B9 /* Products */,
				F5ACB1F058C332DCAE9B8321 /* Pods */,
				F60CAA60F0CCAB10A6568896 /* Frameworks */,
			);
			sourceTree = "<group>";
		};
		863562262095285A0004A8B9 /* Products */ = {
			isa = PBXGroup;
			children = (
				863562252095285A0004A8B9 /* CapitalQuizz.app */,
				863562392095285E0004A8B9 /* CapitalQuizzTests.xctest */,
				863562442095285E0004A8B9 /* CapitalQuizzUITests.xctest */,
			);
			name = Products;
			sourceTree = "<group>";
		};
		863562272095285A0004A8B9 /* CapitalQuizz */ = {
			isa = PBXGroup;
			children = (
				8635625A20952A270004A8B9 /* Controler */,
				8635625920952A060004A8B9 /* View */,
				86356258209529FA0004A8B9 /* Model */,
				86356257209529EA0004A8B9 /* Supporting Files */,
			);
			path = CapitalQuizz;
			sourceTree = "<group>";
		};
		8635623C2095285E0004A8B9 /* CapitalQuizzTests */ = {
			isa = PBXGroup;
			children = (
				8635623D2095285E0004A8B9 /* CapitalQuizzTests.swift */,
				8635623F2095285E0004A8B9 /* Info.plist */,
			);
			path = CapitalQuizzTests;
			sourceTree = "<group>";
		};
		863562472095285E0004A8B9 /* CapitalQuizzUITests */ = {
			isa = PBXGroup;
			children = (
				863562482095285E0004A8B9 /* CapitalQuizzUITests.swift */,
				8635624A2095285E0004A8B9 /* Info.plist */,
			);
			path = CapitalQuizzUITests;
			sourceTree = "<group>";
		};
		86356257209529EA0004A8B9 /* Supporting Files */ = {
			isa = PBXGroup;
			children = (
				863562282095285A0004A8B9 /* AppDelegate.swift */,
				86356256209528F10004A8B9 /* Balham.otf */,
				8635622F2095285D0004A8B9 /* Assets.xcassets */,
				863562312095285D0004A8B9 /* LaunchScreen.storyboard */,
				863562342095285D0004A8B9 /* Info.plist */,
			);
			path = "Supporting Files";
			sourceTree = "<group>";
		};
		86356258209529FA0004A8B9 /* Model */ = {
			isa = PBXGroup;
			children = (
				8635626C209542280004A8B9 /* HttpInterface.swift */,
				8635626D209542280004A8B9 /* HttpInterfaceWrapper.swift */,
				863562622095324B0004A8B9 /* Question.swift */,
				863562642095332A0004A8B9 /* Game.swift */,
				8635626620953E0C0004A8B9 /* QuestionsManager.swift */,
				86356270209542AC0004A8B9 /* InterfaceResquest.swift */,
			);
			path = Model;
			sourceTree = "<group>";
		};
		8635625920952A060004A8B9 /* View */ = {
			isa = PBXGroup;
			children = (
				8635622C2095285A0004A8B9 /* Main.storyboard */,
				8635626020952B8F0004A8B9 /* QuestionView.swift */,
			);
			path = View;
			sourceTree = "<group>";
		};
		8635625A20952A270004A8B9 /* Controler */ = {
			isa = PBXGroup;
			children = (
				8635622A2095285A0004A8B9 /* ViewController.swift */,
			);
			path = Controler;
			sourceTree = "<group>";
		};
		F5ACB1F058C332DCAE9B8321 /* Pods */ = {
			isa = PBXGroup;
			children = (
				42EF1ED157D7D4B80D371132 /* Pods-CapitalQuizz.debug.xcconfig */,
				BD990D13217F73BB5A7E17CD /* Pods-CapitalQuizz.release.xcconfig */,
			);
			name = Pods;
			sourceTree = "<group>";
		};
		F60CAA60F0CCAB10A6568896 /* Frameworks */ = {
			isa = PBXGroup;
			children = (
				8637A9D02096739500C59FD5 /* SVGKit.framework */,
				BF8E920BB30CE394C35D3459 /* Pods_CapitalQuizz.framework */,
			);
			name = Frameworks;
			sourceTree = "<group>";
		};
/* End PBXGroup section */

/* Begin PBXNativeTarget section */
		863562242095285A0004A8B9 /* CapitalQuizz */ = {
			isa = PBXNativeTarget;
			buildConfigurationList = 8635624D2095285E0004A8B9 /* Build configuration list for PBXNativeTarget "CapitalQuizz" */;
			buildPhases = (
				00DEC3A47B49032B583433A9 /* [CP] Check Pods Manifest.lock */,
				863562212095285A0004A8B9 /* Sources */,
				863562222095285A0004A8B9 /* Frameworks */,
				863562232095285A0004A8B9 /* Resources */,
				05CDB3901A08E61AC2D0DFE9 /* [CP] Embed Pods Frameworks */,
			);
			buildRules = (
			);
			dependencies = (
			);
			name = CapitalQuizz;
			productName = CapitalQuizz;
			productReference = 863562252095285A0004A8B9 /* CapitalQuizz.app */;
			productType = "com.apple.product-type.application";
		};
		863562382095285E0004A8B9 /* CapitalQuizzTests */ = {
			isa = PBXNativeTarget;
			buildConfigurationList = 863562502095285E0004A8B9 /* Build configuration list for PBXNativeTarget "CapitalQuizzTests" */;
			buildPhases = (
				863562352095285E0004A8B9 /* Sources */,
				863562362095285E0004A8B9 /* Frameworks */,
				863562372095285E0004A8B9 /* Resources */,
			);
			buildRules = (
			);
			dependencies = (
				8635623B2095285E0004A8B9 /* PBXTargetDependency */,
			);
			name = CapitalQuizzTests;
			productName = CapitalQuizzTests;
			productReference = 863562392095285E0004A8B9 /* CapitalQuizzTests.xctest */;
			productType = "com.apple.product-type.bundle.unit-test";
		};
		863562432095285E0004A8B9 /* CapitalQuizzUITests */ = {
			isa = PBXNativeTarget;
			buildConfigurationList = 863562532095285E0004A8B9 /* Build configuration list for PBXNativeTarget "CapitalQuizzUITests" */;
			buildPhases = (
				863562402095285E0004A8B9 /* Sources */,
				863562412095285E0004A8B9 /* Frameworks */,
				863562422095285E0004A8B9 /* Resources */,
			);
			buildRules = (
			);
			dependencies = (
				863562462095285E0004A8B9 /* PBXTargetDependency */,
			);
			name = CapitalQuizzUITests;
			productName = CapitalQuizzUITests;
			productReference = 863562442095285E0004A8B9 /* CapitalQuizzUITests.xctest */;
			productType = "com.apple.product-type.bundle.ui-testing";
		};
/* End PBXNativeTarget section */

/* Begin PBXProject section */
		8635621D2095285A0004A8B9 /* Project object */ = {
			isa = PBXProject;
			attributes = {
				LastSwiftUpdateCheck = 0930;
				LastUpgradeCheck = 0930;
				ORGANIZATIONNAME = "Ibrahima KH GUEYE";
				TargetAttributes = {
					863562242095285A0004A8B9 = {
						CreatedOnToolsVersion = 9.3;
					};
					863562382095285E0004A8B9 = {
						CreatedOnToolsVersion = 9.3;
						TestTargetID = 863562242095285A0004A8B9;
					};
					863562432095285E0004A8B9 = {
						CreatedOnToolsVersion = 9.3;
						TestTargetID = 863562242095285A0004A8B9;
					};
				};
			};
			buildConfigurationList = 863562202095285A0004A8B9 /* Build configuration list for PBXProject "CapitalQuizz" */;
			compatibilityVersion = "Xcode 9.3";
			developmentRegion = en;
			hasScannedForEncodings = 0;
			knownRegions = (
				en,
				Base,
			);
			mainGroup = 8635621C2095285A0004A8B9;
			productRefGroup = 863562262095285A0004A8B9 /* Products */;
			projectDirPath = "";
			projectRoot = "";
			targets = (
				863562242095285A0004A8B9 /* CapitalQuizz */,
				863562382095285E0004A8B9 /* CapitalQuizzTests */,
				863562432095285E0004A8B9 /* CapitalQuizzUITests */,
			);
		};
/* End PBXProject section */

/* Begin PBXResourcesBuildPhase section */
		863562232095285A0004A8B9 /* Resources */ = {
			isa = PBXResourcesBuildPhase;
			buildActionMask = 2147483647;
			files = (
				863562332095285D0004A8B9 /* LaunchScreen.storyboard in Resources */,
				8635625C20952A7B0004A8B9 /* Default-568h@2x.png in Resources */,
				8635625D20952B180004A8B9 /* Balham.otf in Resources */,
				863562302095285D0004A8B9 /* Assets.xcassets in Resources */,
				8635622E2095285A0004A8B9 /* Main.storyboard in Resources */,
			);
			runOnlyForDeploymentPostprocessing = 0;
		};
		863562372095285E0004A8B9 /* Resources */ = {
			isa = PBXResourcesBuildPhase;
			buildActionMask = 2147483647;
			files = (
			);
			runOnlyForDeploymentPostprocessing = 0;
		};
		863562422095285E0004A8B9 /* Resources */ = {
			isa = PBXResourcesBuildPhase;
			buildActionMask = 2147483647;
			files = (
			);
			runOnlyForDeploymentPostprocessing = 0;
		};
/* End PBXResourcesBuildPhase section */

/* Begin PBXShellScriptBuildPhase section */
		00DEC3A47B49032B583433A9 /* [CP] Check Pods Manifest.lock */ = {
			isa = PBXShellScriptBuildPhase;
			buildActionMask = 2147483647;
			files = (
			);
			inputPaths = (
				"${PODS_PODFILE_DIR_PATH}/Podfile.lock",
				"${PODS_ROOT}/Manifest.lock",
			);
			name = "[CP] Check Pods Manifest.lock";
			outputPaths = (
				"$(DERIVED_FILE_DIR)/Pods-CapitalQuizz-checkManifestLockResult.txt",
			);
			runOnlyForDeploymentPostprocessing = 0;
			shellPath = /bin/sh;
			shellScript = "diff \"${PODS_PODFILE_DIR_PATH}/Podfile.lock\" \"${PODS_ROOT}/Manifest.lock\" > /dev/null\nif [ $? != 0 ] ; then\n    # print error to STDERR\n    echo \"error: The sandbox is not in sync with the Podfile.lock. Run 'pod install' or update your CocoaPods installation.\" >&2\n    exit 1\nfi\n# This output is used by Xcode 'outputs' to avoid re-running this script phase.\necho \"SUCCESS\" > \"${SCRIPT_OUTPUT_FILE_0}\"\n";
			showEnvVarsInLog = 0;
		};
		05CDB3901A08E61AC2D0DFE9 /* [CP] Embed Pods Frameworks */ = {
			isa = PBXShellScriptBuildPhase;
			buildActionMask = 2147483647;
			files = (
			);
			inputPaths = (
				"${SRCROOT}/Pods/Target Support Files/Pods-CapitalQuizz/Pods-CapitalQuizz-frameworks.sh",
				"${BUILT_PRODUCTS_DIR}/CocoaLumberjack/CocoaLumberjack.framework",
				"${BUILT_PRODUCTS_DIR}/SVGKit/SVGKit.framework",
			);
			name = "[CP] Embed Pods Frameworks";
			outputPaths = (
				"${TARGET_BUILD_DIR}/${FRAMEWORKS_FOLDER_PATH}/CocoaLumberjack.framework",
				"${TARGET_BUILD_DIR}/${FRAMEWORKS_FOLDER_PATH}/SVGKit.framework",
			);
			runOnlyForDeploymentPostprocessing = 0;
			shellPath = /bin/sh;
			shellScript = "\"${SRCROOT}/Pods/Target Support Files/Pods-CapitalQuizz/Pods-CapitalQuizz-frameworks.sh\"\n";
			showEnvVarsInLog = 0;
		};
/* End PBXShellScriptBuildPhase section */

/* Begin PBXSourcesBuildPhase section */
		863562212095285A0004A8B9 /* Sources */ = {
			isa = PBXSourcesBuildPhase;
			buildActionMask = 2147483647;
			files = (
				8635622B2095285A0004A8B9 /* ViewController.swift in Sources */,
				863562652095332A0004A8B9 /* Game.swift in Sources */,
				863562632095324B0004A8B9 /* Question.swift in Sources */,
				8635626720953E0C0004A8B9 /* QuestionsManager.swift in Sources */,
				8635626120952B8F0004A8B9 /* QuestionView.swift in Sources */,
				863562292095285A0004A8B9 /* AppDelegate.swift in Sources */,
				86356271209542AC0004A8B9 /* InterfaceResquest.swift in Sources */,
				8635626E209542280004A8B9 /* HttpInterface.swift in Sources */,
				8635626F209542280004A8B9 /* HttpInterfaceWrapper.swift in Sources */,
			);
			runOnlyForDeploymentPostprocessing = 0;
		};
		863562352095285E0004A8B9 /* Sources */ = {
			isa = PBXSourcesBuildPhase;
			buildActionMask = 2147483647;
			files = (
				8635623E2095285E0004A8B9 /* CapitalQuizzTests.swift in Sources */,
			);
			runOnlyForDeploymentPostprocessing = 0;
		};
		863562402095285E0004A8B9 /* Sources */ = {
			isa = PBXSourcesBuildPhase;
			buildActionMask = 2147483647;
			files = (
				863562492095285E0004A8B9 /* CapitalQuizzUITests.swift in Sources */,
			);
			runOnlyForDeploymentPostprocessing = 0;
		};
/* End PBXSourcesBuildPhase section */

/* Begin PBXTargetDependency section */
		8635623B2095285E0004A8B9 /* PBXTargetDependency */ = {
			isa = PBXTargetDependency;
			target = 863562242095285A0004A8B9 /* CapitalQuizz */;
			targetProxy = 8635623A2095285E0004A8B9 /* PBXContainerItemProxy */;
		};
		863562462095285E0004A8B9 /* PBXTargetDependency */ = {
			isa = PBXTargetDependency;
			target = 863562242095285A0004A8B9 /* CapitalQuizz */;
			targetProxy = 863562452095285E0004A8B9 /* PBXContainerItemProxy */;
		};
/* End PBXTargetDependency section */

/* Begin PBXVariantGroup section */
		8635622C2095285A0004A8B9 /* Main.storyboard */ = {
			isa = PBXVariantGroup;
			children = (
				8635622D2095285A0004A8B9 /* Base */,
			);
			name = Main.storyboard;
			sourceTree = "<group>";
		};
		863562312095285D0004A8B9 /* LaunchScreen.storyboard */ = {
			isa = PBXVariantGroup;
			children = (
				863562322095285D0004A8B9 /* Base */,
			);
			name = LaunchScreen.storyboard;
			sourceTree = "<group>";
		};
/* End PBXVariantGroup section */

/* Begin XCBuildConfiguration section */
		8635624B2095285E0004A8B9 /* Debug */ = {
			isa = XCBuildConfiguration;
			buildSettings = {
				ALWAYS_SEARCH_USER_PATHS = NO;
				CLANG_ANALYZER_NONNULL = YES;
				CLANG_ANALYZER_NUMBER_OBJECT_CONVERSION = YES_AGGRESSIVE;
				CLANG_CXX_LANGUAGE_STANDARD = "gnu++14";
				CLANG_CXX_LIBRARY = "libc++";
				CLANG_ENABLE_MODULES = YES;
				CLANG_ENABLE_OBJC_ARC = YES;
				CLANG_ENABLE_OBJC_WEAK = YES;
				CLANG_WARN_BLOCK_CAPTURE_AUTORELEASING = YES;
				CLANG_WARN_BOOL_CONVERSION = YES;
				CLANG_WARN_COMMA = YES;
				CLANG_WARN_CONSTANT_CONVERSION = YES;
				CLANG_WARN_DEPRECATED_OBJC_IMPLEMENTATIONS = YES;
				CLANG_WARN_DIRECT_OBJC_ISA_USAGE = YES_ERROR;
				CLANG_WARN_DOCUMENTATION_COMMENTS = YES;
				CLANG_WARN_EMPTY_BODY = YES;
				CLANG_WARN_ENUM_CONVERSION = YES;
				CLANG_WARN_INFINITE_RECURSION = YES;
				CLANG_WARN_INT_CONVERSION = YES;
				CLANG_WARN_NON_LITERAL_NULL_CONVERSION = YES;
				CLANG_WARN_OBJC_IMPLICIT_RETAIN_SELF = YES;
				CLANG_WARN_OBJC_LITERAL_CONVERSION = YES;
				CLANG_WARN_OBJC_ROOT_CLASS = YES_ERROR;
				CLANG_WARN_RANGE_LOOP_ANALYSIS = YES;
				CLANG_WARN_STRICT_PROTOTYPES = YES;
				CLANG_WARN_SUSPICIOUS_MOVE = YES;
				CLANG_WARN_UNGUARDED_AVAILABILITY = YES_AGGRESSIVE;
				CLANG_WARN_UNREACHABLE_CODE = YES;
				CLANG_WARN__DUPLICATE_METHOD_MATCH = YES;
				CODE_SIGN_IDENTITY = "iPhone Developer";
				COPY_PHASE_STRIP = NO;
				DEBUG_INFORMATION_FORMAT = dwarf;
				ENABLE_STRICT_OBJC_MSGSEND = YES;
				ENABLE_TESTABILITY = YES;
				GCC_C_LANGUAGE_STANDARD = gnu11;
				GCC_DYNAMIC_NO_PIC = NO;
				GCC_NO_COMMON_BLOCKS = YES;
				GCC_OPTIMIZATION_LEVEL = 0;
				GCC_PREPROCESSOR_DEFINITIONS = (
					"DEBUG=1",
					"$(inherited)",
				);
				GCC_WARN_64_TO_32_BIT_CONVERSION = YES;
				GCC_WARN_ABOUT_RETURN_TYPE = YES_ERROR;
				GCC_WARN_UNDECLARED_SELECTOR = YES;
				GCC_WARN_UNINITIALIZED_AUTOS = YES_AGGRESSIVE;
				GCC_WARN_UNUSED_FUNCTION = YES;
				GCC_WARN_UNUSED_VARIABLE = YES;
				IPHONEOS_DEPLOYMENT_TARGET = 11.3;
				MTL_ENABLE_DEBUG_INFO = YES;
				ONLY_ACTIVE_ARCH = YES;
				SDKROOT = iphoneos;
				SWIFT_ACTIVE_COMPILATION_CONDITIONS = DEBUG;
				SWIFT_OPTIMIZATION_LEVEL = "-Onone";
			};
			name = Debug;
		};
		8635624C2095285E0004A8B9 /* Release */ = {
			isa = XCBuildConfiguration;
			buildSettings = {
				ALWAYS_SEARCH_USER_PATHS = NO;
				CLANG_ANALYZER_NONNULL = YES;
				CLANG_ANALYZER_NUMBER_OBJECT_CONVERSION = YES_AGGRESSIVE;
				CLANG_CXX_LANGUAGE_STANDARD = "gnu++14";
				CLANG_CXX_LIBRARY = "libc++";
				CLANG_ENABLE_MODULES = YES;
				CLANG_ENABLE_OBJC_ARC = YES;
				CLANG_ENABLE_OBJC_WEAK = YES;
				CLANG_WARN_BLOCK_CAPTURE_AUTORELEASING = YES;
				CLANG_WARN_BOOL_CONVERSION = YES;
				CLANG_WARN_COMMA = YES;
				CLANG_WARN_CONSTANT_CONVERSION = YES;
				CLANG_WARN_DEPRECATED_OBJC_IMPLEMENTATIONS = YES;
				CLANG_WARN_DIRECT_OBJC_ISA_USAGE = YES_ERROR;
				CLANG_WARN_DOCUMENTATION_COMMENTS = YES;
				CLANG_WARN_EMPTY_BODY = YES;
				CLANG_WARN_ENUM_CONVERSION = YES;
				CLANG_WARN_INFINITE_RECURSION = YES;
				CLANG_WARN_INT_CONVERSION = YES;
				CLANG_WARN_NON_LITERAL_NULL_CONVERSION = YES;
				CLANG_WARN_OBJC_IMPLICIT_RETAIN_SELF = YES;
				CLANG_WARN_OBJC_LITERAL_CONVERSION = YES;
				CLANG_WARN_OBJC_ROOT_CLASS = YES_ERROR;
				CLANG_WARN_RANGE_LOOP_ANALYSIS = YES;
				CLANG_WARN_STRICT_PROTOTYPES = YES;
				CLANG_WARN_SUSPICIOUS_MOVE = YES;
				CLANG_WARN_UNGUARDED_AVAILABILITY = YES_AGGRESSIVE;
				CLANG_WARN_UNREACHABLE_CODE = YES;
				CLANG_WARN__DUPLICATE_METHOD_MATCH = YES;
				CODE_SIGN_IDENTITY = "iPhone Developer";
				COPY_PHASE_STRIP = NO;
				DEBUG_INFORMATION_FORMAT = "dwarf-with-dsym";
				ENABLE_NS_ASSERTIONS = NO;
				ENABLE_STRICT_OBJC_MSGSEND = YES;
				GCC_C_LANGUAGE_STANDARD = gnu11;
				GCC_NO_COMMON_BLOCKS = YES;
				GCC_WARN_64_TO_32_BIT_CONVERSION = YES;
				GCC_WARN_ABOUT_RETURN_TYPE = YES_ERROR;
				GCC_WARN_UNDECLARED_SELECTOR = YES;
				GCC_WARN_UNINITIALIZED_AUTOS = YES_AGGRESSIVE;
				GCC_WARN_UNUSED_FUNCTION = YES;
				GCC_WARN_UNUSED_VARIABLE = YES;
				IPHONEOS_DEPLOYMENT_TARGET = 11.3;
				MTL_ENABLE_DEBUG_INFO = NO;
				SDKROOT = iphoneos;
				SWIFT_COMPILATION_MODE = wholemodule;
				SWIFT_OPTIMIZATION_LEVEL = "-O";
				VALIDATE_PRODUCT = YES;
			};
			name = Release;
		};
		8635624E2095285E0004A8B9 /* Debug */ = {
			isa = XCBuildConfiguration;
			baseConfigurationReference = 42EF1ED157D7D4B80D371132 /* Pods-CapitalQuizz.debug.xcconfig */;
			buildSettings = {
				ASSETCATALOG_COMPILER_APPICON_NAME = AppIcon;
				CODE_SIGN_STYLE = Automatic;
				DEVELOPMENT_TEAM = 888QW669L8;
				INFOPLIST_FILE = "$(SRCROOT)/CapitalQuizz/Supporting Files/Info.plist";
				LD_RUNPATH_SEARCH_PATHS = (
					"$(inherited)",
					"@executable_path/Frameworks",
				);
				PRODUCT_BUNDLE_IDENTIFIER = IgApple.CapitalQuizz;
				PRODUCT_NAME = "$(TARGET_NAME)";
				SWIFT_VERSION = 4.0;
				TARGETED_DEVICE_FAMILY = "1,2";
			};
			name = Debug;
		};
		8635624F2095285E0004A8B9 /* Release */ = {
			isa = XCBuildConfiguration;
			baseConfigurationReference = BD990D13217F73BB5A7E17CD /* Pods-CapitalQuizz.release.xcconfig */;
			buildSettings = {
				ASSETCATALOG_COMPILER_APPICON_NAME = AppIcon;
				CODE_SIGN_STYLE = Automatic;
				DEVELOPMENT_TEAM = 888QW669L8;
				INFOPLIST_FILE = "$(SRCROOT)/CapitalQuizz/Supporting Files/Info.plist";
				LD_RUNPATH_SEARCH_PATHS = (
					"$(inherited)",
					"@executable_path/Frameworks",
				);
				PRODUCT_BUNDLE_IDENTIFIER = IgApple.CapitalQuizz;
				PRODUCT_NAME = "$(TARGET_NAME)";
				SWIFT_VERSION = 4.0;
				TARGETED_DEVICE_FAMILY = "1,2";
			};
			name = Release;
		};
		863562512095285E0004A8B9 /* Debug */ = {
			isa = XCBuildConfiguration;
			buildSettings = {
				ALWAYS_EMBED_SWIFT_STANDARD_LIBRARIES = YES;
				BUNDLE_LOADER = "$(TEST_HOST)";
				CODE_SIGN_STYLE = Automatic;
				DEVELOPMENT_TEAM = 888QW669L8;
				INFOPLIST_FILE = CapitalQuizzTests/Info.plist;
				LD_RUNPATH_SEARCH_PATHS = (
					"$(inherited)",
					"@executable_path/Frameworks",
					"@loader_path/Frameworks",
				);
				PRODUCT_BUNDLE_IDENTIFIER = IgApple.CapitalQuizzTests;
				PRODUCT_NAME = "$(TARGET_NAME)";
				SWIFT_VERSION = 4.0;
				TARGETED_DEVICE_FAMILY = "1,2";
				TEST_HOST = "$(BUILT_PRODUCTS_DIR)/CapitalQuizz.app/CapitalQuizz";
			};
			name = Debug;
		};
		863562522095285E0004A8B9 /* Release */ = {
			isa = XCBuildConfiguration;
			buildSettings = {
				ALWAYS_EMBED_SWIFT_STANDARD_LIBRARIES = YES;
				BUNDLE_LOADER = "$(TEST_HOST)";
				CODE_SIGN_STYLE = Automatic;
				DEVELOPMENT_TEAM = 888QW669L8;
				INFOPLIST_FILE = CapitalQuizzTests/Info.plist;
				LD_RUNPATH_SEARCH_PATHS = (
					"$(inherited)",
					"@executable_path/Frameworks",
					"@loader_path/Frameworks",
				);
				PRODUCT_BUNDLE_IDENTIFIER = IgApple.CapitalQuizzTests;
				PRODUCT_NAME = "$(TARGET_NAME)";
				SWIFT_VERSION = 4.0;
				TARGETED_DEVICE_FAMILY = "1,2";
				TEST_HOST = "$(BUILT_PRODUCTS_DIR)/CapitalQuizz.app/CapitalQuizz";
			};
			name = Release;
		};
		863562542095285E0004A8B9 /* Debug */ = {
			isa = XCBuildConfiguration;
			buildSettings = {
				ALWAYS_EMBED_SWIFT_STANDARD_LIBRARIES = YES;
				CODE_SIGN_STYLE = Automatic;
				DEVELOPMENT_TEAM = 888QW669L8;
				INFOPLIST_FILE = CapitalQuizzUITests/Info.plist;
				LD_RUNPATH_SEARCH_PATHS = (
					"$(inherited)",
					"@executable_path/Frameworks",
					"@loader_path/Frameworks",
				);
				PRODUCT_BUNDLE_IDENTIFIER = IgApple.CapitalQuizzUITests;
				PRODUCT_NAME = "$(TARGET_NAME)";
				SWIFT_VERSION = 4.0;
				TARGETED_DEVICE_FAMILY = "1,2";
				TEST_TARGET_NAME = CapitalQuizz;
			};
			name = Debug;
		};
		863562552095285E0004A8B9 /* Release */ = {
			isa = XCBuildConfiguration;
			buildSettings = {
				ALWAYS_EMBED_SWIFT_STANDARD_LIBRARIES = YES;
				CODE_SIGN_STYLE = Automatic;
				DEVELOPMENT_TEAM = 888QW669L8;
				INFOPLIST_FILE = CapitalQuizzUITests/Info.plist;
				LD_RUNPATH_SEARCH_PATHS = (
					"$(inherited)",
					"@executable_path/Frameworks",
					"@loader_path/Frameworks",
				);
				PRODUCT_BUNDLE_IDENTIFIER = IgApple.CapitalQuizzUITests;
				PRODUCT_NAME = "$(TARGET_NAME)";
				SWIFT_VERSION = 4.0;
				TARGETED_DEVICE_FAMILY = "1,2";
				TEST_TARGET_NAME = CapitalQuizz;
			};
			name = Release;
		};
/* End XCBuildConfiguration section */

/* Begin XCConfigurationList section */
		863562202095285A0004A8B9 /* Build configuration list for PBXProject "CapitalQuizz" */ = {
			isa = XCConfigurationList;
			buildConfigurations = (
				8635624B2095285E0004A8B9 /* Debug */,
				8635624C2095285E0004A8B9 /* Release */,
			);
			defaultConfigurationIsVisible = 0;
			defaultConfigurationName = Release;
		};
		8635624D2095285E0004A8B9 /* Build configuration list for PBXNativeTarget "CapitalQuizz" */ = {
			isa = XCConfigurationList;
			buildConfigurations = (
				8635624E2095285E0004A8B9 /* Debug */,
				8635624F2095285E0004A8B9 /* Release */,
			);
			defaultConfigurationIsVisible = 0;
			defaultConfigurationName = Release;
		};
		863562502095285E0004A8B9 /* Build configuration list for PBXNativeTarget "CapitalQuizzTests" */ = {
			isa = XCConfigurationList;
			buildConfigurations = (
				863562512095285E0004A8B9 /* Debug */,
				863562522095285E0004A8B9 /* Release */,
			);
			defaultConfigurationIsVisible = 0;
			defaultConfigurationName = Release;
		};
		863562532095285E0004A8B9 /* Build configuration list for PBXNativeTarget "CapitalQuizzUITests" */ = {
			isa = XCConfigurationList;
			buildConfigurations = (
				863562542095285E0004A8B9 /* Debug */,
				863562552095285E0004A8B9 /* Release */,
			);
			defaultConfigurationIsVisible = 0;
			defaultConfigurationName = Release;
		};
/* End XCConfigurationList section */
	};
	rootObject = 8635621D2095285A0004A8B9 /* Project object */;
}
